PODS:
  - FBSnapshotTestCase (2.1.4):
    - FBSnapshotTestCase/SwiftSupport (= 2.1.4)
  - FBSnapshotTestCase/Core (2.1.4)
  - FBSnapshotTestCase/SwiftSupport (2.1.4):
    - FBSnapshotTestCase/Core

DEPENDENCIES:
  - FBSnapshotTestCase

SPEC CHECKSUMS:
  FBSnapshotTestCase: '094f9f314decbabe373b87cc339bea235a63e07a'

PODFILE CHECKSUM: 714871e6c80d54480cc355a1c122a10aca078783

COCOAPODS: 1.2.0
